
Microsoft Visual Studio Solution File, Format Version 12.00
# Visual Studio Version 17
VisualStudioVersion = 17.9.34728.123
MinimumVisualStudioVersion = 10.0.40219.1
Project("{FAE04EC0-301F-11D3-BF4B-00C04F79EFBC}") = "Stacks", "Stacks.csproj", "{0252B25B-8A03-46A1-833B-0E58CEBDF3DD}"
EndProject
Global
	GlobalSection(SolutionConfigurationPlatforms) = preSolution
		Debug|Any CPU = Debug|Any CPU
		Release|Any CPU = Release|Any CPU
	EndGlobalSection
	GlobalSection(ProjectConfigurationPlatforms) = postSolution
		{0252B25B-8A03-46A1-833B-0E58CEBDF3DD}.Debug|Any CPU.ActiveCfg = Debug|Any CPU
		{0252B25B-8A03-46A1-833B-0E58CEBDF3DD}.Debug|Any CPU.Build.0 = Debug|Any CPU
		{0252B25B-8A03-46A1-833B-0E58CEBDF3DD}.Release|Any CPU.ActiveCfg = Release|Any CPU
		{0252B25B-8A03-46A1-833B-0E58CEBDF3DD}.Release|Any CPU.Build.0 = Release|Any CPU
	EndGlobalSection
	GlobalSection(SolutionProperties) = preSolution
		HideSolutionNode = FALSE
	EndGlobalSection
	GlobalSection(ExtensibilityGlobals) = postSolution
		SolutionGuid = {2A74B749-075C-4AC8-BE70-5F9BC67958CF}
	EndGlobalSection
EndGlobal
